
Microsoft Visual Studio Solution File, Format Version 12.00
# Visual Studio Version 16
VisualStudioVersion = 16.0.30503.244
MinimumVisualStudioVersion = 10.0.40219.1
Project("{8BC9CEB8-8B4A-11D0-8D11-00A0C91BC942}") = "Program21_SmallestElement", "Program21_SmallestElement\Program21_SmallestElement.vcxproj", "{E678E448-78CB-4C63-B0A7-BED47826E5D2}"
EndProject
Global
	GlobalSection(SolutionConfigurationPlatforms) = preSolution
		Debug|x64 = Debug|x64
		Debug|x86 = Debug|x86
		Release|x64 = Release|x64
		Release|x86 = Release|x86
	EndGlobalSection
	GlobalSection(ProjectConfigurationPlatforms) = postSolution
		{E678E448-78CB-4C63-B0A7-BED47826E5D2}.Debug|x64.ActiveCfg = Debug|x64
		{E678E448-78CB-4C63-B0A7-BED47826E5D2}.Debug|x64.Build.0 = Debug|x64
		{E678E448-78CB-4C63-B0A7-BED47826E5D2}.Debug|x86.ActiveCfg = Debug|Win32
		{E678E448-78CB-4C63-B0A7-BED47826E5D2}.Debug|x86.Build.0 = Debug|Win32
		{E678E448-78CB-4C63-B0A7-BED47826E5D2}.Release|x64.ActiveCfg = Release|x64
		{E678E448-78CB-4C63-B0A7-BED47826E5D2}.Release|x64.Build.0 = Release|x64
		{E678E448-78CB-4C63-B0A7-BED47826E5D2}.Release|x86.ActiveCfg = Release|Win32
		{E678E448-78CB-4C63-B0A7-BED47826E5D2}.Release|x86.Build.0 = Release|Win32
	EndGlobalSection
	GlobalSection(SolutionProperties) = preSolution
		HideSolutionNode = FALSE
	EndGlobalSection
	GlobalSection(ExtensibilityGlobals) = postSolution
		SolutionGuid = {B7C8202B-8909-4DF1-ABC6-8FC63E4A7803}
	EndGlobalSection
EndGlobal
